// !$*UTF8*$!
{
	archiveVersion = 1;
	classes = {
	};
	objectVersion = 46;
	objects = {

/* Begin PBXBuildFile section */
		889F7E2E19EE01ED00CDE6BA /* AppDelegate.swift in Sources */ = {isa = PBXBuildFile; fileRef = 889F7E2D19EE01ED00CDE6BA /* AppDelegate.swift */; };
		889F7E3019EE01ED00CDE6BA /* ViewController.swift in Sources */ = {isa = PBXBuildFile; fileRef = 889F7E2F19EE01ED00CDE6BA /* ViewController.swift */; };
		889F7E3319EE01ED00CDE6BA /* Main.storyboard in Resources */ = {isa = PBXBuildFile; fileRef = 889F7E3119EE01ED00CDE6BA /* Main.storyboard */; };
		889F7E3519EE01ED00CDE6BA /* Images.xcassets in Resources */ = {isa = PBXBuildFile; fileRef = 889F7E3419EE01ED00CDE6BA /* Images.xcassets */; };
		889F7E3819EE01ED00CDE6BA /* LaunchScreen.xib in Resources */ = {isa = PBXBuildFile; fileRef = 889F7E3619EE01ED00CDE6BA /* LaunchScreen.xib */; };
		889F7E4419EE01ED00CDE6BA /* hardwareMediaAssignment_WeaverTests.swift in Sources */ = {isa = PBXBuildFile; fileRef = 889F7E4319EE01ED00CDE6BA /* hardwareMediaAssignment_WeaverTests.swift */; };
		889F7E5319EE078700CDE6BA /* click_released.wav in Resources */ = {isa = PBXBuildFile; fileRef = 889F7E4E19EE078700CDE6BA /* click_released.wav */; };
		889F7E5419EE078700CDE6BA /* click_start.wav in Resources */ = {isa = PBXBuildFile; fileRef = 889F7E4F19EE078700CDE6BA /* click_start.wav */; };
		889F7E5519EE078700CDE6BA /* knock.wav in Resources */ = {isa = PBXBuildFile; fileRef = 889F7E5019EE078700CDE6BA /* knock.wav */; };
		889F7E5619EE078700CDE6BA /* knock_low.wav in Resources */ = {isa = PBXBuildFile; fileRef = 889F7E5119EE078700CDE6BA /* knock_low.wav */; };
		889F7E5719EE078700CDE6BA /* stamp.wav in Resources */ = {isa = PBXBuildFile; fileRef = 889F7E5219EE078700CDE6BA /* stamp.wav */; };
/* End PBXBuildFile section */

/* Begin PBXContainerItemProxy section */
		889F7E3E19EE01ED00CDE6BA /* PBXContainerItemProxy */ = {
			isa = PBXContainerItemProxy;
			containerPortal = 889F7E2019EE01ED00CDE6BA /* Project object */;
			proxyType = 1;
			remoteGlobalIDString = 889F7E2719EE01ED00CDE6BA;
			remoteInfo = hardwareMediaAssignment_Weaver;
		};
/* End PBXContainerItemProxy section */

/* Begin PBXFileReference section */
		889F7E2819EE01ED00CDE6BA /* hardwareMediaAssignment_Weaver.app */ = {isa = PBXFileReference; explicitFileType = wrapper.application; includeInIndex = 0; path = hardwareMediaAssignment_Weaver.app; sourceTree = BUILT_PRODUCTS_DIR; };
		889F7E2C19EE01ED00CDE6BA /* Info.plist */ = {isa = PBXFileReference; lastKnownFileType = text.plist.xml; path = Info.plist; sourceTree = "<group>"; };
		889F7E2D19EE01ED00CDE6BA /* AppDelegate.swift */ = {isa = PBXFileReference; lastKnownFileType = sourcecode.swift; path = AppDelegate.swift; sourceTree = "<group>"; };
		889F7E2F19EE01ED00CDE6BA /* ViewController.swift */ = {isa = PBXFileReference; lastKnownFileType = sourcecode.swift; path = ViewController.swift; sourceTree = "<group>"; };
		889F7E3219EE01ED00CDE6BA /* Base */ = {isa = PBXFileReference; lastKnownFileType = file.storyboard; name = Base; path = Base.lproj/Main.storyboard; sourceTree = "<group>"; };
		889F7E3419EE01ED00CDE6BA /* Images.xcassets */ = {isa = PBXFileReference; lastKnownFileType = folder.assetcatalog; path = Images.xcassets; sourceTree = "<group>"; };
		889F7E3719EE01ED00CDE6BA /* Base */ = {isa = PBXFileReference; lastKnownFileType = file.xib; name = Base; path = Base.lproj/LaunchScreen.xib; sourceTree = "<group>"; };
		889F7E3D19EE01ED00CDE6BA /* hardwareMediaAssignment_WeaverTests.xctest */ = {isa = PBXFileReference; explicitFileType = wrapper.cfbundle; includeInIndex = 0; path = hardwareMediaAssignment_WeaverTests.xctest; sourceTree = BUILT_PRODUCTS_DIR; };
		889F7E4219EE01ED00CDE6BA /* Info.plist */ = {isa = PBXFileReference; lastKnownFileType = text.plist.xml; path = Info.plist; sourceTree = "<group>"; };
		889F7E4319EE01ED00CDE6BA /* hardwareMediaAssignment_WeaverTests.swift */ = {isa = PBXFileReference; lastKnownFileType = sourcecode.swift; path = hardwareMediaAssignment_WeaverTests.swift; sourceTree = "<group>"; };
		889F7E4E19EE078700CDE6BA /* click_released.wav */ = {isa = PBXFileReference; lastKnownFileType = audio.wav; path = click_released.wav; sourceTree = "<group>"; };
		889F7E4F19EE078700CDE6BA /* click_start.wav */ = {isa = PBXFileReference; lastKnownFileType = audio.wav; path = click_start.wav; sourceTree = "<group>"; };
		889F7E5019EE078700CDE6BA /* knock.wav */ = {isa = PBXFileReference; lastKnownFileType = audio.wav; path = knock.wav; sourceTree = "<group>"; };
		889F7E5119EE078700CDE6BA /* knock_low.wav */ = {isa = PBXFileReference; lastKnownFileType = audio.wav; path = knock_low.wav; sourceTree = "<group>"; };
		889F7E5219EE078700CDE6BA /* stamp.wav */ = {isa = PBXFileReference; lastKnownFileType = audio.wav; path = stamp.wav; sourceTree = "<group>"; };
/* End PBXFileReference section */

/* Begin PBXFrameworksBuildPhase section */
		889F7E2519EE01ED00CDE6BA /* Frameworks */ = {
			isa = PBXFrameworksBuildPhase;
			buildActionMask = 2147483647;
			files = (
			);
			runOnlyForDeploymentPostprocessing = 0;
		};
		889F7E3A19EE01ED00CDE6BA /* Frameworks */ = {
			isa = PBXFrameworksBuildPhase;
			buildActionMask = 2147483647;
			files = (
			);
			runOnlyForDeploymentPostprocessing = 0;
		};
/* End PBXFrameworksBuildPhase section */

/* Begin PBXGroup section */
		889F7E1F19EE01ED00CDE6BA = {
			isa = PBXGroup;
			children = (
				889F7E2A19EE01ED00CDE6BA /* hardwareMediaAssignment_Weaver */,
				889F7E4019EE01ED00CDE6BA /* hardwareMediaAssignment_WeaverTests */,
				889F7E2919EE01ED00CDE6BA /* Products */,
			);
			sourceTree = "<group>";
		};
		889F7E2919EE01ED00CDE6BA /* Products */ = {
			isa = PBXGroup;
			children = (
				889F7E2819EE01ED00CDE6BA /* hardwareMediaAssignment_Weaver.app */,
				889F7E3D19EE01ED00CDE6BA /* hardwareMediaAssignment_WeaverTests.xctest */,
			);
			name = Products;
			sourceTree = "<group>";
		};
		889F7E2A19EE01ED00CDE6BA /* hardwareMediaAssignment_Weaver */ = {
			isa = PBXGroup;
			children = (
				889F7E4D19EE078700CDE6BA /* MediaSFX */,
				889F7E2D19EE01ED00CDE6BA /* AppDelegate.swift */,
				889F7E2F19EE01ED00CDE6BA /* ViewController.swift */,
				889F7E3119EE01ED00CDE6BA /* Main.storyboard */,
				889F7E3419EE01ED00CDE6BA /* Images.xcassets */,
				889F7E3619EE01ED00CDE6BA /* LaunchScreen.xib */,
				889F7E2B19EE01ED00CDE6BA /* Supporting Files */,
			);
			path = hardwareMediaAssignment_Weaver;
			sourceTree = "<group>";
		};
		889F7E2B19EE01ED00CDE6BA /* Supporting Files */ = {
			isa = PBXGroup;
			children = (
				889F7E2C19EE01ED00CDE6BA /* Info.plist */,
			);
			name = "Supporting Files";
			sourceTree = "<group>";
		};
		889F7E4019EE01ED00CDE6BA /* hardwareMediaAssignment_WeaverTests */ = {
			isa = PBXGroup;
			children = (
				889F7E4319EE01ED00CDE6BA /* hardwareMediaAssignment_WeaverTests.swift */,
				889F7E4119EE01ED00CDE6BA /* Supporting Files */,
			);
			path = hardwareMediaAssignment_WeaverTests;
			sourceTree = "<group>";
		};
		889F7E4119EE01ED00CDE6BA /* Supporting Files */ = {
			isa = PBXGroup;
			children = (
				889F7E4219EE01ED00CDE6BA /* Info.plist */,
			);
			name = "Supporting Files";
			sourceTree = "<group>";
		};
		889F7E4D19EE078700CDE6BA /* MediaSFX */ = {
			isa = PBXGroup;
			children = (
				889F7E4E19EE078700CDE6BA /* click_released.wav */,
				889F7E4F19EE078700CDE6BA /* click_start.wav */,
				889F7E5019EE078700CDE6BA /* knock.wav */,
				889F7E5119EE078700CDE6BA /* knock_low.wav */,
				889F7E5219EE078700CDE6BA /* stamp.wav */,
			);
			path = MediaSFX;
			sourceTree = "<group>";
		};
/* End PBXGroup section */

/* Begin PBXNativeTarget section */
		889F7E2719EE01ED00CDE6BA /* hardwareMediaAssignment_Weaver */ = {
			isa = PBXNativeTarget;
			buildConfigurationList = 889F7E4719EE01ED00CDE6BA /* Build configuration list for PBXNativeTarget "hardwareMediaAssignment_Weaver" */;
			buildPhases = (
				889F7E2419EE01ED00CDE6BA /* Sources */,
				889F7E2519EE01ED00CDE6BA /* Frameworks */,
				889F7E2619EE01ED00CDE6BA /* Resources */,
			);
			buildRules = (
			);
			dependencies = (
			);
			name = hardwareMediaAssignment_Weaver;
			productName = hardwareMediaAssignment_Weaver;
			productReference = 889F7E2819EE01ED00CDE6BA /* hardwareMediaAssignment_Weaver.app */;
			productType = "com.apple.product-type.application";
		};
		889F7E3C19EE01ED00CDE6BA /* hardwareMediaAssignment_WeaverTests */ = {
			isa = PBXNativeTarget;
			buildConfigurationList = 889F7E4A19EE01ED00CDE6BA /* Build configuration list for PBXNativeTarget "hardwareMediaAssignment_WeaverTests" */;
			buildPhases = (
				889F7E3919EE01ED00CDE6BA /* Sources */,
				889F7E3A19EE01ED00CDE6BA /* Frameworks */,
				889F7E3B19EE01ED00CDE6BA /* Resources */,
			);
			buildRules = (
			);
			dependencies = (
				889F7E3F19EE01ED00CDE6BA /* PBXTargetDependency */,
			);
			name = hardwareMediaAssignment_WeaverTests;
			productName = hardwareMediaAssignment_WeaverTests;
			productReference = 889F7E3D19EE01ED00CDE6BA /* hardwareMediaAssignment_WeaverTests.xctest */;
			productType = "com.apple.product-type.bundle.unit-test";
		};
/* End PBXNativeTarget section */

/* Begin PBXProject section */
		889F7E2019EE01ED00CDE6BA /* Project object */ = {
			isa = PBXProject;
			attributes = {
				LastUpgradeCheck = 0600;
				ORGANIZATIONNAME = "Jordan Weaver";
				TargetAttributes = {
					889F7E2719EE01ED00CDE6BA = {
						CreatedOnToolsVersion = 6.0.1;
					};
					889F7E3C19EE01ED00CDE6BA = {
						CreatedOnToolsVersion = 6.0.1;
						TestTargetID = 889F7E2719EE01ED00CDE6BA;
					};
				};
			};
			buildConfigurationList = 889F7E2319EE01ED00CDE6BA /* Build configuration list for PBXProject "hardwareMediaAssignment_Weaver" */;
			compatibilityVersion = "Xcode 3.2";
			developmentRegion = English;
			hasScannedForEncodings = 0;
			knownRegions = (
				en,
				Base,
			);
			mainGroup = 889F7E1F19EE01ED00CDE6BA;
			productRefGroup = 889F7E2919EE01ED00CDE6BA /* Products */;
			projectDirPath = "";
			projectRoot = "";
			targets = (
				889F7E2719EE01ED00CDE6BA /* hardwareMediaAssignment_Weaver */,
				889F7E3C19EE01ED00CDE6BA /* hardwareMediaAssignment_WeaverTests */,
			);
		};
/* End PBXProject section */

/* Begin PBXResourcesBuildPhase section */
		889F7E2619EE01ED00CDE6BA /* Resources */ = {
			isa = PBXResourcesBuildPhase;
			buildActionMask = 2147483647;
			files = (
				889F7E5319EE078700CDE6BA /* click_released.wav in Resources */,
				889F7E5519EE078700CDE6BA /* knock.wav in Resources */,
				889F7E5719EE078700CDE6BA /* stamp.wav in Resources */,
				889F7E3319EE01ED00CDE6BA /* Main.storyboard in Resources */,
				889F7E3819EE01ED00CDE6BA /* LaunchScreen.xib in Resources */,
				889F7E3519EE01ED00CDE6BA /* Images.xcassets in Resources */,
				889F7E5619EE078700CDE6BA /* knock_low.wav in Resources */,
				889F7E5419EE078700CDE6BA /* click_start.wav in Resources */,
			);
			runOnlyForDeploymentPostprocessing = 0;
		};
		889F7E3B19EE01ED00CDE6BA /* Resources */ = {
			isa = PBXResourcesBuildPhase;
			buildActionMask = 2147483647;
			files = (
			);
			runOnlyForDeploymentPostprocessing = 0;
		};
/* End PBXResourcesBuildPhase section */

/* Begin PBXSourcesBuildPhase section */
		889F7E2419EE01ED00CDE6BA /* Sources */ = {
			isa = PBXSourcesBuildPhase;
			buildActionMask = 2147483647;
			files = (
				889F7E3019EE01ED00CDE6BA /* ViewController.swift in Sources */,
				889F7E2E19EE01ED00CDE6BA /* AppDelegate.swift in Sources */,
			);
			runOnlyForDeploymentPostprocessing = 0;
		};
		889F7E3919EE01ED00CDE6BA /* Sources */ = {
			isa = PBXSourcesBuildPhase;
			buildActionMask = 2147483647;
			files = (
				889F7E4419EE01ED00CDE6BA /* hardwareMediaAssignment_WeaverTests.swift in Sources */,
			);
			runOnlyForDeploymentPostprocessing = 0;
		};
/* End PBXSourcesBuildPhase section */

/* Begin PBXTargetDependency section */
		889F7E3F19EE01ED00CDE6BA /* PBXTargetDependency */ = {
			isa = PBXTargetDependency;
			target = 889F7E2719EE01ED00CDE6BA /* hardwareMediaAssignment_Weaver */;
			targetProxy = 889F7E3E19EE01ED00CDE6BA /* PBXContainerItemProxy */;
		};
/* End PBXTargetDependency section */

/* Begin PBXVariantGroup section */
		889F7E3119EE01ED00CDE6BA /* Main.storyboard */ = {
			isa = PBXVariantGroup;
			children = (
				889F7E3219EE01ED00CDE6BA /* Base */,
			);
			name = Main.storyboard;
			sourceTree = "<group>";
		};
		889F7E3619EE01ED00CDE6BA /* LaunchScreen.xib */ = {
			isa = PBXVariantGroup;
			children = (
				889F7E3719EE01ED00CDE6BA /* Base */,
			);
			name = LaunchScreen.xib;
			sourceTree = "<group>";
		};
/* End PBXVariantGroup section */

/* Begin XCBuildConfiguration section */
		889F7E4519EE01ED00CDE6BA /* Debug */ = {
			isa = XCBuildConfiguration;
			buildSettings = {
				ALWAYS_SEARCH_USER_PATHS = NO;
				CLANG_CXX_LANGUAGE_STANDARD = "gnu++0x";
				CLANG_CXX_LIBRARY = "libc++";
				CLANG_ENABLE_MODULES = YES;
				CLANG_ENABLE_OBJC_ARC = YES;
				CLANG_WARN_BOOL_CONVERSION = YES;
				CLANG_WARN_CONSTANT_CONVERSION = YES;
				CLANG_WARN_DIRECT_OBJC_ISA_USAGE = YES_ERROR;
				CLANG_WARN_EMPTY_BODY = YES;
				CLANG_WARN_ENUM_CONVERSION = YES;
				CLANG_WARN_INT_CONVERSION = YES;
				CLANG_WARN_OBJC_ROOT_CLASS = YES_ERROR;
				CLANG_WARN_UNREACHABLE_CODE = YES;
				CLANG_WARN__DUPLICATE_METHOD_MATCH = YES;
				"CODE_SIGN_IDENTITY[sdk=iphoneos*]" = "iPhone Developer";
				COPY_PHASE_STRIP = NO;
				ENABLE_STRICT_OBJC_MSGSEND = YES;
				GCC_C_LANGUAGE_STANDARD = gnu99;
				GCC_DYNAMIC_NO_PIC = NO;
				GCC_OPTIMIZATION_LEVEL = 0;
				GCC_PREPROCESSOR_DEFINITIONS = (
					"DEBUG=1",
					"$(inherited)",
				);
				GCC_SYMBOLS_PRIVATE_EXTERN = NO;
				GCC_WARN_64_TO_32_BIT_CONVERSION = YES;
				GCC_WARN_ABOUT_RETURN_TYPE = YES_ERROR;
				GCC_WARN_UNDECLARED_SELECTOR = YES;
				GCC_WARN_UNINITIALIZED_AUTOS = YES_AGGRESSIVE;
				GCC_WARN_UNUSED_FUNCTION = YES;
				GCC_WARN_UNUSED_VARIABLE = YES;
				IPHONEOS_DEPLOYMENT_TARGET = 8.0;
				MTL_ENABLE_DEBUG_INFO = YES;
				ONLY_ACTIVE_ARCH = YES;
				SDKROOT = iphoneos;
				SWIFT_OPTIMIZATION_LEVEL = "-Onone";
			};
			name = Debug;
		};
		889F7E4619EE01ED00CDE6BA /* Release */ = {
			isa = XCBuildConfiguration;
			buildSettings = {
				ALWAYS_SEARCH_USER_PATHS = NO;
				CLANG_CXX_LANGUAGE_STANDARD = "gnu++0x";
				CLANG_CXX_LIBRARY = "libc++";
				CLANG_ENABLE_MODULES = YES;
				CLANG_ENABLE_OBJC_ARC = YES;
				CLANG_WARN_BOOL_CONVERSION = YES;
				CLANG_WARN_CONSTANT_CONVERSION = YES;
				CLANG_WARN_DIRECT_OBJC_ISA_USAGE = YES_ERROR;
				CLANG_WARN_EMPTY_BODY = YES;
				CLANG_WARN_ENUM_CONVERSION = YES;
				CLANG_WARN_INT_CONVERSION = YES;
				CLANG_WARN_OBJC_ROOT_CLASS = YES_ERROR;
				CLANG_WARN_UNREACHABLE_CODE = YES;
				CLANG_WARN__DUPLICATE_METHOD_MATCH = YES;
				"CODE_SIGN_IDENTITY[sdk=iphoneos*]" = "iPhone Developer";
				COPY_PHASE_STRIP = YES;
				ENABLE_NS_ASSERTIONS = NO;
				ENABLE_STRICT_OBJC_MSGSEND = YES;
				GCC_C_LANGUAGE_STANDARD = gnu99;
				GCC_WARN_64_TO_32_BIT_CONVERSION = YES;
				GCC_WARN_ABOUT_RETURN_TYPE = YES_ERROR;
				GCC_WARN_UNDECLARED_SELECTOR = YES;
				GCC_WARN_UNINITIALIZED_AUTOS = YES_AGGRESSIVE;
				GCC_WARN_UNUSED_FUNCTION = YES;
				GCC_WARN_UNUSED_VARIABLE = YES;
				IPHONEOS_DEPLOYMENT_TARGET = 8.0;
				MTL_ENABLE_DEBUG_INFO = NO;
				SDKROOT = iphoneos;
				VALIDATE_PRODUCT = YES;
			};
			name = Release;
		};
		889F7E4819EE01ED00CDE6BA /* Debug */ = {
			isa = XCBuildConfiguration;
			buildSettings = {
				ASSETCATALOG_COMPILER_APPICON_NAME = AppIcon;
				INFOPLIST_FILE = hardwareMediaAssignment_Weaver/Info.plist;
				IPHONEOS_DEPLOYMENT_TARGET = 8.1;
				LD_RUNPATH_SEARCH_PATHS = "$(inherited) @executable_path/Frameworks";
				PRODUCT_NAME = "$(TARGET_NAME)";
			};
			name = Debug;
		};
		889F7E4919EE01ED00CDE6BA /* Release */ = {
			isa = XCBuildConfiguration;
			buildSettings = {
				ASSETCATALOG_COMPILER_APPICON_NAME = AppIcon;
				INFOPLIST_FILE = hardwareMediaAssignment_Weaver/Info.plist;
				IPHONEOS_DEPLOYMENT_TARGET = 8.1;
				LD_RUNPATH_SEARCH_PATHS = "$(inherited) @executable_path/Frameworks";
				PRODUCT_NAME = "$(TARGET_NAME)";
			};
			name = Release;
		};
		889F7E4B19EE01ED00CDE6BA /* Debug */ = {
			isa = XCBuildConfiguration;
			buildSettings = {
				BUNDLE_LOADER = "$(TEST_HOST)";
				FRAMEWORK_SEARCH_PATHS = (
					"$(SDKROOT)/Developer/Library/Frameworks",
					"$(inherited)",
				);
				GCC_PREPROCESSOR_DEFINITIONS = (
					"DEBUG=1",
					"$(inherited)",
				);
				INFOPLIST_FILE = hardwareMediaAssignment_WeaverTests/Info.plist;
				LD_RUNPATH_SEARCH_PATHS = "$(inherited) @executable_path/Frameworks @loader_path/Frameworks";
				PRODUCT_NAME = "$(TARGET_NAME)";
				TEST_HOST = "$(BUILT_PRODUCTS_DIR)/hardwareMediaAssignment_Weaver.app/hardwareMediaAssignment_Weaver";
			};
			name = Debug;
		};
		889F7E4C19EE01ED00CDE6BA /* Release */ = {
			isa = XCBuildConfiguration;
			buildSettings = {
				BUNDLE_LOADER = "$(TEST_HOST)";
				FRAMEWORK_SEARCH_PATHS = (
					"$(SDKROOT)/Developer/Library/Frameworks",
					"$(inherited)",
				);
				INFOPLIST_FILE = hardwareMediaAssignment_WeaverTests/Info.plist;
				LD_RUNPATH_SEARCH_PATHS = "$(inherited) @executable_path/Frameworks @loader_path/Frameworks";
				PRODUCT_NAME = "$(TARGET_NAME)";
				TEST_HOST = "$(BUILT_PRODUCTS_DIR)/hardwareMediaAssignment_Weaver.app/hardwareMediaAssignment_Weaver";
			};
			name = Release;
		};
/* End XCBuildConfiguration section */

/* Begin XCConfigurationList section */
		889F7E2319EE01ED00CDE6BA /* Build configuration list for PBXProject "hardwareMediaAssignment_Weaver" */ = {
			isa = XCConfigurationList;
			buildConfigurations = (
				889F7E4519EE01ED00CDE6BA /* Debug */,
				889F7E4619EE01ED00CDE6BA /* Release */,
			);
			defaultConfigurationIsVisible = 0;
			defaultConfigurationName = Release;
		};
		889F7E4719EE01ED00CDE6BA /* Build configuration list for PBXNativeTarget "hardwareMediaAssignment_Weaver" */ = {
			isa = XCConfigurationList;
			buildConfigurations = (
				889F7E4819EE01ED00CDE6BA /* Debug */,
				889F7E4919EE01ED00CDE6BA /* Release */,
			);
			defaultConfigurationIsVisible = 0;
			defaultConfigurationName = Release;
		};
		889F7E4A19EE01ED00CDE6BA /* Build configuration list for PBXNativeTarget "hardwareMediaAssignment_WeaverTests" */ = {
			isa = XCConfigurationList;
			buildConfigurations = (
				889F7E4B19EE01ED00CDE6BA /* Debug */,
				889F7E4C19EE01ED00CDE6BA /* Release */,
			);
			defaultConfigurationIsVisible = 0;
			defaultConfigurationName = Release;
		};
/* End XCConfigurationList section */
	};
	rootObject = 889F7E2019EE01ED00CDE6BA /* Project object */;
}
